
Microsoft Visual Studio Solution File, Format Version 12.00
# Visual Studio Version 17
VisualStudioVersion = 17.0.31903.59
MinimumVisualStudioVersion = 10.0.40219.1
Project("{FAE04EC0-301F-11D3-BF4B-00C04F79EFBC}") = "TextEditor", "TextEditor\TextEditor.csproj", "{18754C01-F599-45FE-BCA3-C2C3B31832BB}"
EndProject
Global
	GlobalSection(SolutionConfigurationPlatforms) = preSolution
		Debug|Any CPU = Debug|Any CPU
		Release|Any CPU = Release|Any CPU
	EndGlobalSection
	GlobalSection(ProjectConfigurationPlatforms) = postSolution
		{18754C01-F599-45FE-BCA3-C2C3B31832BB}.Debug|Any CPU.ActiveCfg = Debug|Any CPU
		{18754C01-F599-45FE-BCA3-C2C3B31832BB}.Debug|Any CPU.Build.0 = Debug|Any CPU
		{18754C01-F599-45FE-BCA3-C2C3B31832BB}.Release|Any CPU.ActiveCfg = Release|Any CPU
		{18754C01-F599-45FE-BCA3-C2C3B31832BB}.Release|Any CPU.Build.0 = Release|Any CPU
	EndGlobalSection
	GlobalSection(SolutionProperties) = preSolution
		HideSolutionNode = FALSE
	EndGlobalSection
	GlobalSection(ExtensibilityGlobals) = postSolution
		SolutionGuid = {E040784A-3AA8-40BE-824F-6B6415A07451}
	EndGlobalSection
EndGlobal
